# This file is automatically @generated by Cargo.
# It is not intended for manual editing.
version = 3

[[package]]
name = "Inflector"
version = "0.11.4"
source = "registry+https://github.com/rust-lang/crates.io-index"
checksum = "fe438c63458706e03479442743baae6c88256498e6431708f6dfc520a26515d3"
dependencies = [
 "lazy_static",
 "regex",
]

[[package]]
name = "aho-corasick"
version = "0.7.18"
source = "registry+https://github.com/rust-lang/crates.io-index"
checksum = "1e37cfd5e7657ada45f742d6e99ca5788580b5c529dc78faf11ece6dc702656f"
dependencies = [
 "memchr",
]

[[package]]
name = "aligned"
version = "0.3.5"
source = "registry+https://github.com/rust-lang/crates.io-index"
checksum = "3a785a543aea40f5e4e2e93bb2655d31bc21bb391fff65697150973e383f16bb"
dependencies = [
 "as-slice",
]

[[package]]
name = "alloc-cortex-m"
version = "0.4.2"
source = "registry+https://github.com/rust-lang/crates.io-index"
checksum = "5069e21ec61f3b243a4a4c56d920d3206e6ee86022a67c23e9fe36eb60fc1efd"
dependencies = [
 "cortex-m 0.7.4",
 "linked_list_allocator",
]

[[package]]
name = "as-slice"
version = "0.1.5"
source = "registry+https://github.com/rust-lang/crates.io-index"
checksum = "45403b49e3954a4b8428a0ac21a4b7afadccf92bfd96273f1a58cd4812496ae0"
dependencies = [
 "generic-array 0.12.4",
 "generic-array 0.13.3",
 "generic-array 0.14.5",
 "stable_deref_trait",
]

[[package]]
name = "atomic-polyfill"
version = "0.1.8"
source = "registry+https://github.com/rust-lang/crates.io-index"
checksum = "e14bf7b4f565e5e717d7a7a65b2a05c0b8c96e4db636d6f780f03b15108cdd1b"
dependencies = [
 "critical-section",
]

[[package]]
name = "autocfg"
version = "1.1.0"
source = "registry+https://github.com/rust-lang/crates.io-index"
checksum = "d468802bab17cbc0cc575e9b053f41e72aa36bfa6b7f55e3529ffa43161b97fa"

[[package]]
name = "az"
version = "1.2.0"
source = "registry+https://github.com/rust-lang/crates.io-index"
checksum = "f771a5d1f5503f7f4279a30f3643d3421ba149848b89ecaaec0ea2acf04a5ac4"

[[package]]
name = "bare-metal"
version = "0.2.5"
source = "registry+https://github.com/rust-lang/crates.io-index"
checksum = "5deb64efa5bd81e31fcd1938615a6d98c82eafcbcd787162b6f63b91d6bac5b3"
dependencies = [
 "rustc_version 0.2.3",
]

[[package]]
name = "bare-metal"
version = "1.0.0"
source = "registry+https://github.com/rust-lang/crates.io-index"
checksum = "f8fe8f5a8a398345e52358e18ff07cc17a568fbca5c6f73873d3a62056309603"

[[package]]
name = "bit_field"
version = "0.10.1"
source = "registry+https://github.com/rust-lang/crates.io-index"
checksum = "dcb6dd1c2376d2e096796e234a70e17e94cc2d5d54ff8ce42b28cef1d0d359a4"

[[package]]
name = "bitfield"
version = "0.13.2"
source = "registry+https://github.com/rust-lang/crates.io-index"
checksum = "46afbd2983a5d5a7bd740ccb198caf5b82f45c40c09c0eed36052d91cb92e719"

[[package]]
name = "bitflags"
version = "1.3.2"
source = "registry+https://github.com/rust-lang/crates.io-index"
checksum = "bef38d45163c2f1dde094a7dfd33ccf595c92905c8f8f4fdc18d06fb1037718a"

[[package]]
name = "bytemuck"
version = "1.9.1"
source = "registry+https://github.com/rust-lang/crates.io-index"
checksum = "cdead85bdec19c194affaeeb670c0e41fe23de31459efd1c174d049269cf02cc"

[[package]]
name = "byteorder"
version = "1.4.3"
source = "registry+https://github.com/rust-lang/crates.io-index"
checksum = "14c189c53d098945499cdfa7ecc63567cf3886b3332b312a5b4585d8d3a6a610"

[[package]]
name = "cfg-if"
version = "1.0.0"
source = "registry+https://github.com/rust-lang/crates.io-index"
checksum = "baf1de4339761588bc0619e3cbc0120ee582ebb74b53b4efbf79117bd2da40fd"

[[package]]
name = "cortex-m"
version = "0.6.7"
source = "registry+https://github.com/rust-lang/crates.io-index"
checksum = "9075300b07c6a56263b9b582c214d0ff037b00d45ec9fde1cc711490c56f1bb9"
dependencies = [
 "aligned",
 "bare-metal 0.2.5",
 "bitfield",
 "cortex-m 0.7.4",
 "volatile-register",
]

[[package]]
name = "cortex-m"
version = "0.7.4"
source = "registry+https://github.com/rust-lang/crates.io-index"
checksum = "37ff967e867ca14eba0c34ac25cd71ea98c678e741e3915d923999bb2fe7c826"
dependencies = [
 "bare-metal 0.2.5",
 "bitfield",
 "embedded-hal 0.2.7",
 "volatile-register",
]

[[package]]
name = "cortex-m-rt"
version = "0.7.1"
source = "registry+https://github.com/rust-lang/crates.io-index"
checksum = "3c433da385b720d5bb9f52362fa2782420798e68d40d67bfe4b0d992aba5dfe7"
dependencies = [
 "cortex-m-rt-macros",
]

[[package]]
name = "cortex-m-rt-macros"
version = "0.7.0"
source = "registry+https://github.com/rust-lang/crates.io-index"
checksum = "f0f6f3e36f203cfedbc78b357fb28730aa2c6dc1ab060ee5c2405e843988d3c7"
dependencies = [
 "proc-macro2",
 "quote",
 "syn",
]

[[package]]
name = "critical-section"
version = "0.2.7"
source = "registry+https://github.com/rust-lang/crates.io-index"
checksum = "95da181745b56d4bd339530ec393508910c909c784e8962d15d722bacf0bcbcd"
dependencies = [
 "bare-metal 1.0.0",
 "cfg-if",
 "cortex-m 0.7.4",
 "riscv",
]

[[package]]
name = "darling"
version = "0.10.2"
source = "registry+https://github.com/rust-lang/crates.io-index"
checksum = "0d706e75d87e35569db781a9b5e2416cff1236a47ed380831f959382ccd5f858"
dependencies = [
 "darling_core 0.10.2",
 "darling_macro 0.10.2",
]

[[package]]
name = "darling"
version = "0.13.4"
source = "registry+https://github.com/rust-lang/crates.io-index"
checksum = "a01d95850c592940db9b8194bc39f4bc0e89dee5c4265e4b1807c34a9aba453c"
dependencies = [
 "darling_core 0.13.4",
 "darling_macro 0.13.4",
]

[[package]]
name = "darling_core"
version = "0.10.2"
source = "registry+https://github.com/rust-lang/crates.io-index"
checksum = "f0c960ae2da4de88a91b2d920c2a7233b400bc33cb28453a2987822d8392519b"
dependencies = [
 "fnv",
 "ident_case",
 "proc-macro2",
 "quote",
 "strsim 0.9.3",
 "syn",
]

[[package]]
name = "darling_core"
version = "0.13.4"
source = "registry+https://github.com/rust-lang/crates.io-index"
checksum = "859d65a907b6852c9361e3185c862aae7fafd2887876799fa55f5f99dc40d610"
dependencies = [
 "fnv",
 "ident_case",
 "proc-macro2",
 "quote",
 "strsim 0.10.0",
 "syn",
]

[[package]]
name = "darling_macro"
version = "0.10.2"
source = "registry+https://github.com/rust-lang/crates.io-index"
checksum = "d9b5a2f4ac4969822c62224815d069952656cadc7084fdca9751e6d959189b72"
dependencies = [
 "darling_core 0.10.2",
 "quote",
 "syn",
]

[[package]]
name = "darling_macro"
version = "0.13.4"
source = "registry+https://github.com/rust-lang/crates.io-index"
checksum = "9c972679f83bdf9c42bd905396b6c3588a843a17f0f16dfcfa3e2c5d57441835"
dependencies = [
 "darling_core 0.13.4",
 "quote",
 "syn",
]

[[package]]
name = "defmt"
version = "0.3.1"
source = "registry+https://github.com/rust-lang/crates.io-index"
checksum = "9252abe43d4c0a5df0c5c865129fa8daad338bb33357ba40023a37cd34b4a7b9"
dependencies = [
 "bitflags",
 "defmt-macros",
]

[[package]]
name = "defmt-macros"
version = "0.3.2"
source = "registry+https://github.com/rust-lang/crates.io-index"
checksum = "6d944432e281084511691b36e5e9c794c19c33675822c9019e3b64f5b89e10da"
dependencies = [
 "defmt-parser",
 "proc-macro-error",
 "proc-macro2",
 "quote",
 "syn",
]

[[package]]
name = "defmt-parser"
version = "0.3.1"
source = "registry+https://github.com/rust-lang/crates.io-index"
checksum = "0db23d29972d99baa3de2ee2ae3f104c10564a6d05a346eb3f4c4f2c0525a06e"

[[package]]
name = "embassy"
version = "0.1.0"
source = "git+https://github.com/embassy-rs/embassy#604051777419591cf66f5d06196cf16d3e399752"
dependencies = [
 "atomic-polyfill",
 "cfg-if",
 "cortex-m 0.7.4",
 "critical-section",
 "defmt",
 "embassy-macros",
 "embedded-hal 0.2.7",
 "embedded-hal-async",
 "futures",
 "heapless",
 "pin-project",
]

[[package]]
name = "embassy-hal-common"
version = "0.1.0"
source = "git+https://github.com/embassy-rs/embassy#604051777419591cf66f5d06196cf16d3e399752"
dependencies = [
 "cortex-m 0.7.4",
 "embassy",
 "num-traits",
]

[[package]]
name = "embassy-macros"
version = "0.1.0"
source = "git+https://github.com/embassy-rs/embassy#604051777419591cf66f5d06196cf16d3e399752"
dependencies = [
 "darling 0.13.4",
 "proc-macro2",
 "quote",
 "syn",
]

[[package]]
name = "embassy-nrf"
version = "0.1.0"
source = "git+https://github.com/embassy-rs/embassy#604051777419591cf66f5d06196cf16d3e399752"
dependencies = [
 "cfg-if",
 "cortex-m 0.7.4",
 "cortex-m-rt",
 "critical-section",
 "defmt",
 "embassy",
 "embassy-hal-common",
 "embassy-macros",
 "embassy-usb",
 "embedded-dma",
 "embedded-hal 0.2.7",
 "embedded-hal 1.0.0-alpha.8",
 "embedded-hal-async",
 "embedded-io",
 "embedded-storage",
 "embedded-storage-async",
 "fixed",
 "futures",
 "nrf52840-pac",
 "rand_core",
]

[[package]]
name = "embassy-usb"
version = "0.1.0"
source = "git+https://github.com/embassy-rs/embassy#604051777419591cf66f5d06196cf16d3e399752"
dependencies = [
 "defmt",
 "embassy",
 "heapless",
]

[[package]]
name = "embedded-dma"
version = "0.1.2"
source = "registry+https://github.com/rust-lang/crates.io-index"
checksum = "46c8c02e4347a0267ca60813c952017f4c5948c232474c6010a381a337f1bda4"
dependencies = [
 "stable_deref_trait",
]

[[package]]
name = "embedded-hal"
version = "0.2.7"
source = "registry+https://github.com/rust-lang/crates.io-index"
checksum = "35949884794ad573cf46071e41c9b60efb0cb311e3ca01f7af807af1debc66ff"
dependencies = [
 "nb 0.1.3",
 "void",
]

[[package]]
name = "embedded-hal"
version = "1.0.0-alpha.8"
source = "registry+https://github.com/rust-lang/crates.io-index"
checksum = "c3babfc7fd332142a0b11aebf592992f211f4e01b6222fb04b03aba1bd80018d"
dependencies = [
 "nb 1.0.0",
]

[[package]]
name = "embedded-hal-async"
version = "0.1.0-alpha.0"
source = "registry+https://github.com/rust-lang/crates.io-index"
checksum = "1b9f684248ddba6d9f33c40386e7d8954ec13ad3c49705af3264cf995cce5abd"
dependencies = [
 "embedded-hal 1.0.0-alpha.8",
]

[[package]]
name = "embedded-io"
version = "0.2.0"
source = "registry+https://github.com/rust-lang/crates.io-index"
checksum = "7fe1572ca75ff2cbb520a8b0b5a9eb589073524748c82e457adb34c6cf0e6af4"
dependencies = [
 "defmt",
 "futures",
]

[[package]]
name = "embedded-storage"
version = "0.3.0"
source = "registry+https://github.com/rust-lang/crates.io-index"
checksum = "156d7a2fdd98ebbf9ae579cbceca3058cff946e13f8e17b90e3511db0508c723"

[[package]]
name = "embedded-storage-async"
version = "0.3.0"
source = "registry+https://github.com/rust-lang/crates.io-index"
checksum = "5ff04af74e47e9bb4315bd7aa2b01f3d1b05f33c03a6c4e9c3b20e9ce9cd8d79"
dependencies = [
 "embedded-storage",
]

[[package]]
name = "fixed"
version = "1.15.0"
source = "registry+https://github.com/rust-lang/crates.io-index"
checksum = "36a65312835c1097a0c926ff3702df965285fadc33d948b87397ff8961bad881"
dependencies = [
 "az",
 "bytemuck",
 "half",
 "typenum",
]

[[package]]
name = "fnv"
version = "1.0.7"
source = "registry+https://github.com/rust-lang/crates.io-index"
checksum = "3f9eec918d3f24069decb9af1554cad7c880e2da24a9afd88aca000531ab82c1"

[[package]]
name = "futures"
version = "0.3.21"
source = "registry+https://github.com/rust-lang/crates.io-index"
checksum = "f73fe65f54d1e12b726f517d3e2135ca3125a437b6d998caf1962961f7172d9e"
dependencies = [
 "futures-channel",
 "futures-core",
 "futures-io",
 "futures-sink",
 "futures-task",
 "futures-util",
]

[[package]]
name = "futures-channel"
version = "0.3.21"
source = "registry+https://github.com/rust-lang/crates.io-index"
checksum = "c3083ce4b914124575708913bca19bfe887522d6e2e6d0952943f5eac4a74010"
dependencies = [
 "futures-core",
 "futures-sink",
]

[[package]]
name = "futures-core"
version = "0.3.21"
source = "registry+https://github.com/rust-lang/crates.io-index"
checksum = "0c09fd04b7e4073ac7156a9539b57a484a8ea920f79c7c675d05d289ab6110d3"

[[package]]
name = "futures-io"
version = "0.3.21"
source = "registry+https://github.com/rust-lang/crates.io-index"
checksum = "fc4045962a5a5e935ee2fdedaa4e08284547402885ab326734432bed5d12966b"

[[package]]
name = "futures-sink"
version = "0.3.21"
source = "registry+https://github.com/rust-lang/crates.io-index"
checksum = "21163e139fa306126e6eedaf49ecdb4588f939600f0b1e770f4205ee4b7fa868"

[[package]]
name = "futures-task"
version = "0.3.21"
source = "registry+https://github.com/rust-lang/crates.io-index"
checksum = "57c66a976bf5909d801bbef33416c41372779507e7a6b3a5e25e4749c58f776a"

[[package]]
name = "futures-util"
version = "0.3.21"
source = "registry+https://github.com/rust-lang/crates.io-index"
checksum = "d8b7abd5d659d9b90c8cba917f6ec750a74e2dc23902ef9cd4cc8c8b22e6036a"
dependencies = [
 "futures-core",
 "futures-sink",
 "futures-task",
 "pin-project-lite",
 "pin-utils",
]

[[package]]
name = "generic-array"
version = "0.12.4"
source = "registry+https://github.com/rust-lang/crates.io-index"
checksum = "ffdf9f34f1447443d37393cc6c2b8313aebddcd96906caf34e54c68d8e57d7bd"
dependencies = [
 "typenum",
]

[[package]]
name = "generic-array"
version = "0.13.3"
source = "registry+https://github.com/rust-lang/crates.io-index"
checksum = "f797e67af32588215eaaab8327027ee8e71b9dd0b2b26996aedf20c030fce309"
dependencies = [
 "typenum",
]

[[package]]
name = "generic-array"
version = "0.14.5"
source = "registry+https://github.com/rust-lang/crates.io-index"
checksum = "fd48d33ec7f05fbfa152300fdad764757cbded343c1aa1cff2fbaf4134851803"
dependencies = [
 "typenum",
 "version_check",
]

[[package]]
name = "half"
version = "1.8.2"
source = "registry+https://github.com/rust-lang/crates.io-index"
checksum = "eabb4a44450da02c90444cf74558da904edde8fb4e9035a9a6a4e15445af0bd7"

[[package]]
name = "hash32"
version = "0.2.1"
source = "registry+https://github.com/rust-lang/crates.io-index"
checksum = "b0c35f58762feb77d74ebe43bdbc3210f09be9fe6742234d573bacc26ed92b67"
dependencies = [
 "byteorder",
]

[[package]]
name = "heapless"
version = "0.7.11"
source = "registry+https://github.com/rust-lang/crates.io-index"
checksum = "bf3aa654fd5797bcce240927e736c84617d9db084afe6e5a63e4f065b2b8119c"
dependencies = [
 "atomic-polyfill",
 "hash32",
 "rustc_version 0.4.0",
 "spin",
 "stable_deref_trait",
]

[[package]]
name = "ident_case"
version = "1.0.1"
source = "registry+https://github.com/rust-lang/crates.io-index"
checksum = "b9e0384b61958566e926dc50660321d12159025e767c18e043daf26b70104c39"

[[package]]
name = "lazy_static"
version = "1.4.0"
source = "registry+https://github.com/rust-lang/crates.io-index"
checksum = "e2abad23fbc42b3700f2f279844dc832adb2b2eb069b2df918f455c4e18cc646"

[[package]]
name = "linked_list_allocator"
version = "0.8.11"
source = "registry+https://github.com/rust-lang/crates.io-index"
checksum = "822add9edb1860698b79522510da17bef885171f75aa395cff099d770c609c24"

[[package]]
name = "lock_api"
version = "0.4.7"
source = "registry+https://github.com/rust-lang/crates.io-index"
checksum = "327fa5b6a6940e4699ec49a9beae1ea4845c6bab9314e4f84ac68742139d8c53"
dependencies = [
 "autocfg",
 "scopeguard",
]

[[package]]
name = "log"
version = "0.4.17"
source = "registry+https://github.com/rust-lang/crates.io-index"
checksum = "abb12e687cfb44aa40f41fc3978ef76448f9b6038cad6aef4259d3c095a2382e"
dependencies = [
 "cfg-if",
]

[[package]]
name = "memchr"
version = "2.5.0"
source = "registry+https://github.com/rust-lang/crates.io-index"
checksum = "2dffe52ecf27772e601905b7522cb4ef790d2cc203488bbd0e2fe85fcb74566d"

[[package]]
name = "nb"
version = "0.1.3"
source = "registry+https://github.com/rust-lang/crates.io-index"
checksum = "801d31da0513b6ec5214e9bf433a77966320625a37860f910be265be6e18d06f"
dependencies = [
 "nb 1.0.0",
]

[[package]]
name = "nb"
version = "1.0.0"
source = "registry+https://github.com/rust-lang/crates.io-index"
checksum = "546c37ac5d9e56f55e73b677106873d9d9f5190605e41a856503623648488cae"

[[package]]
name = "nrf-softdevice"
version = "0.1.0"
dependencies = [
 "cortex-m 0.7.4",
 "cortex-m-rt",
 "critical-section",
 "defmt",
 "embassy",
 "embedded-storage",
 "embedded-storage-async",
 "fixed",
 "futures",
 "heapless",
 "log",
 "nrf-softdevice-macro",
 "nrf-softdevice-s112",
 "nrf-softdevice-s113",
 "nrf-softdevice-s122",
 "nrf-softdevice-s132",
 "nrf-softdevice-s140",
 "nrf52805-pac",
 "nrf52810-pac",
 "nrf52811-pac",
 "nrf52820-pac",
 "nrf52832-pac",
 "nrf52833-pac",
 "nrf52840-pac",
 "num_enum",
]

[[package]]
name = "nrf-softdevice-defmt-rtt"
version = "0.1.0"
dependencies = [
 "cortex-m 0.6.7",
 "critical-section",
 "defmt",
 "nrf-softdevice",
]

[[package]]
name = "nrf-softdevice-examples"
version = "0.1.0"
dependencies = [
 "alloc-cortex-m",
 "cortex-m 0.7.4",
 "cortex-m-rt",
 "defmt",
 "embassy",
 "embassy-nrf",
 "embedded-storage",
 "embedded-storage-async",
 "fixed",
 "futures",
 "heapless",
 "nrf-softdevice",
 "nrf-softdevice-defmt-rtt",
 "nrf-softdevice-s140",
 "panic-probe",
]

[[package]]
name = "nrf-softdevice-macro"
version = "0.1.0"
dependencies = [
 "Inflector",
 "darling 0.10.2",
 "proc-macro2",
 "quote",
 "syn",
 "uuid",
]

[[package]]
name = "nrf-softdevice-mbr"
version = "0.1.1"

[[package]]
name = "nrf-softdevice-s112"
version = "0.1.1"

[[package]]
name = "nrf-softdevice-s113"
version = "0.1.1"

[[package]]
name = "nrf-softdevice-s122"
version = "0.1.1"

[[package]]
name = "nrf-softdevice-s132"
version = "0.1.1"

[[package]]
name = "nrf-softdevice-s140"
version = "0.1.1"

[[package]]
name = "nrf52805-pac"
version = "0.11.0"
source = "registry+https://github.com/rust-lang/crates.io-index"
checksum = "f0cd69f02212c43d0abf0f29b2b38657efe06f60719606398427e307ef2141da"
dependencies = [
 "cortex-m 0.7.4",
 "cortex-m-rt",
 "vcell",
]

[[package]]
name = "nrf52810-pac"
version = "0.11.0"
source = "registry+https://github.com/rust-lang/crates.io-index"
checksum = "c781b61666a97f249989d25c2997cefcf72a29721a2628cf666a4195566933b9"
dependencies = [
 "cortex-m 0.7.4",
 "cortex-m-rt",
 "vcell",
]

[[package]]
name = "nrf52811-pac"
version = "0.11.0"
source = "registry+https://github.com/rust-lang/crates.io-index"
checksum = "be89f9a72ea52c1fc1712db6cb9adebf95fb16598d5919e7d3dbd6e13b7913ce"
dependencies = [
 "cortex-m 0.7.4",
 "cortex-m-rt",
 "vcell",
]

[[package]]
name = "nrf52820-pac"
version = "0.11.0"
source = "registry+https://github.com/rust-lang/crates.io-index"
checksum = "ccfc0d290dc3bf619206bd32d012778692c62401b14eda67091609feff1629e0"
dependencies = [
 "cortex-m 0.7.4",
 "cortex-m-rt",
 "vcell",
]

[[package]]
name = "nrf52832-pac"
version = "0.11.0"
source = "registry+https://github.com/rust-lang/crates.io-index"
checksum = "e649284d1cde4aef5c43ea32588553cfd31a9b7ce5fccdac98f012399382c33a"
dependencies = [
 "cortex-m 0.7.4",
 "cortex-m-rt",
 "vcell",
]

[[package]]
name = "nrf52833-pac"
version = "0.11.0"
source = "registry+https://github.com/rust-lang/crates.io-index"
checksum = "7dd2b96c950afd2887102113c5194cb5c985a13aff0eac5fb976a76cd6e62a21"
dependencies = [
 "cortex-m 0.7.4",
 "cortex-m-rt",
 "vcell",
]

[[package]]
name = "nrf52840-pac"
version = "0.11.0"
source = "registry+https://github.com/rust-lang/crates.io-index"
checksum = "9efa9d1e910e3b825fd7e28f369363a8e036b386b77e21035b9f0e510de199cf"
dependencies = [
 "cortex-m 0.7.4",
 "cortex-m-rt",
 "vcell",
]

[[package]]
name = "num-traits"
version = "0.2.15"
source = "registry+https://github.com/rust-lang/crates.io-index"
checksum = "578ede34cf02f8924ab9447f50c28075b4d3e5b269972345e7e0372b38c6cdcd"
dependencies = [
 "autocfg",
]

[[package]]
name = "num_enum"
version = "0.5.7"
source = "registry+https://github.com/rust-lang/crates.io-index"
checksum = "cf5395665662ef45796a4ff5486c5d41d29e0c09640af4c5f17fd94ee2c119c9"
dependencies = [
 "num_enum_derive",
]

[[package]]
name = "num_enum_derive"
version = "0.5.7"
source = "registry+https://github.com/rust-lang/crates.io-index"
checksum = "3b0498641e53dd6ac1a4f22547548caa6864cc4933784319cd1775271c5a46ce"
dependencies = [
 "proc-macro2",
 "quote",
 "syn",
]

[[package]]
name = "panic-probe"
version = "0.3.0"
source = "registry+https://github.com/rust-lang/crates.io-index"
checksum = "3ab1f00eac22bd18f8e5cae9555f2820b3a0c166b5b556ee3e203746ea6dcf3a"
dependencies = [
 "cortex-m 0.7.4",
 "defmt",
]

[[package]]
name = "pin-project"
version = "1.0.10"
source = "registry+https://github.com/rust-lang/crates.io-index"
checksum = "58ad3879ad3baf4e44784bc6a718a8698867bb991f8ce24d1bcbe2cfb4c3a75e"
dependencies = [
 "pin-project-internal",
]

[[package]]
name = "pin-project-internal"
version = "1.0.10"
source = "registry+https://github.com/rust-lang/crates.io-index"
checksum = "744b6f092ba29c3650faf274db506afd39944f48420f6c86b17cfe0ee1cb36bb"
dependencies = [
 "proc-macro2",
 "quote",
 "syn",
]

[[package]]
name = "pin-project-lite"
version = "0.2.9"
source = "registry+https://github.com/rust-lang/crates.io-index"
checksum = "e0a7ae3ac2f1173085d398531c705756c94a4c56843785df85a60c1a0afac116"

[[package]]
name = "pin-utils"
version = "0.1.0"
source = "registry+https://github.com/rust-lang/crates.io-index"
checksum = "8b870d8c151b6f2fb93e84a13146138f05d02ed11c7e7c54f8826aaaf7c9f184"

[[package]]
name = "proc-macro-error"
version = "1.0.4"
source = "registry+https://github.com/rust-lang/crates.io-index"
checksum = "da25490ff9892aab3fcf7c36f08cfb902dd3e71ca0f9f9517bea02a73a5ce38c"
dependencies = [
 "proc-macro-error-attr",
 "proc-macro2",
 "quote",
 "syn",
 "version_check",
]

[[package]]
name = "proc-macro-error-attr"
version = "1.0.4"
source = "registry+https://github.com/rust-lang/crates.io-index"
checksum = "a1be40180e52ecc98ad80b184934baf3d0d29f979574e439af5a55274b35f869"
dependencies = [
 "proc-macro2",
 "quote",
 "version_check",
]

[[package]]
name = "proc-macro2"
version = "1.0.38"
source = "registry+https://github.com/rust-lang/crates.io-index"
checksum = "9027b48e9d4c9175fa2218adf3557f91c1137021739951d4932f5f8268ac48aa"
dependencies = [
 "unicode-xid",
]

[[package]]
name = "quote"
version = "1.0.18"
source = "registry+https://github.com/rust-lang/crates.io-index"
checksum = "a1feb54ed693b93a84e14094943b84b7c4eae204c512b7ccb95ab0c66d278ad1"
dependencies = [
 "proc-macro2",
]

[[package]]
name = "rand_core"
version = "0.6.3"
source = "registry+https://github.com/rust-lang/crates.io-index"
checksum = "d34f1408f55294453790c48b2f1ebbb1c5b4b7563eb1f418bcfcfdbb06ebb4e7"

[[package]]
name = "regex"
version = "1.5.5"
source = "registry+https://github.com/rust-lang/crates.io-index"
checksum = "1a11647b6b25ff05a515cb92c365cec08801e83423a235b51e231e1808747286"
dependencies = [
 "aho-corasick",
 "memchr",
 "regex-syntax",
]

[[package]]
name = "regex-syntax"
version = "0.6.25"
source = "registry+https://github.com/rust-lang/crates.io-index"
checksum = "f497285884f3fcff424ffc933e56d7cbca511def0c9831a7f9b5f6153e3cc89b"

[[package]]
name = "riscv"
version = "0.7.0"
source = "registry+https://github.com/rust-lang/crates.io-index"
checksum = "6907ccdd7a31012b70faf2af85cd9e5ba97657cc3987c4f13f8e4d2c2a088aba"
dependencies = [
 "bare-metal 1.0.0",
 "bit_field",
 "riscv-target",
]

[[package]]
name = "riscv-target"
version = "0.1.2"
source = "registry+https://github.com/rust-lang/crates.io-index"
checksum = "88aa938cda42a0cf62a20cfe8d139ff1af20c2e681212b5b34adb5a58333f222"
dependencies = [
 "lazy_static",
 "regex",
]

[[package]]
name = "rustc_version"
version = "0.2.3"
source = "registry+https://github.com/rust-lang/crates.io-index"
checksum = "138e3e0acb6c9fb258b19b67cb8abd63c00679d2851805ea151465464fe9030a"
dependencies = [
 "semver 0.9.0",
]

[[package]]
name = "rustc_version"
version = "0.4.0"
source = "registry+https://github.com/rust-lang/crates.io-index"
checksum = "bfa0f585226d2e68097d4f95d113b15b83a82e819ab25717ec0590d9584ef366"
dependencies = [
 "semver 1.0.9",
]

[[package]]
name = "scopeguard"
version = "1.1.0"
source = "registry+https://github.com/rust-lang/crates.io-index"
checksum = "d29ab0c6d3fc0ee92fe66e2d99f700eab17a8d57d1c1d3b748380fb20baa78cd"

[[package]]
name = "semver"
version = "0.9.0"
source = "registry+https://github.com/rust-lang/crates.io-index"
checksum = "1d7eb9ef2c18661902cc47e535f9bc51b78acd254da71d375c2f6720d9a40403"
dependencies = [
 "semver-parser",
]

[[package]]
name = "semver"
version = "1.0.9"
source = "registry+https://github.com/rust-lang/crates.io-index"
checksum = "8cb243bdfdb5936c8dc3c45762a19d12ab4550cdc753bc247637d4ec35a040fd"

[[package]]
name = "semver-parser"
version = "0.7.0"
source = "registry+https://github.com/rust-lang/crates.io-index"
checksum = "388a1df253eca08550bef6c72392cfe7c30914bf41df5269b68cbd6ff8f570a3"

[[package]]
name = "spin"
version = "0.9.3"
source = "registry+https://github.com/rust-lang/crates.io-index"
checksum = "c530c2b0d0bf8b69304b39fe2001993e267461948b890cd037d8ad4293fa1a0d"
dependencies = [
 "lock_api",
]

[[package]]
name = "stable_deref_trait"
version = "1.2.0"
source = "registry+https://github.com/rust-lang/crates.io-index"
checksum = "a8f112729512f8e442d81f95a8a7ddf2b7c6b8a1a6f509a95864142b30cab2d3"

[[package]]
name = "strsim"
version = "0.9.3"
source = "registry+https://github.com/rust-lang/crates.io-index"
checksum = "6446ced80d6c486436db5c078dde11a9f73d42b57fb273121e160b84f63d894c"

[[package]]
name = "strsim"
version = "0.10.0"
source = "registry+https://github.com/rust-lang/crates.io-index"
checksum = "73473c0e59e6d5812c5dfe2a064a6444949f089e20eec9a2e5506596494e4623"

[[package]]
name = "syn"
version = "1.0.93"
source = "registry+https://github.com/rust-lang/crates.io-index"
checksum = "04066589568b72ec65f42d65a1a52436e954b168773148893c020269563decf2"
dependencies = [
 "proc-macro2",
 "quote",
 "unicode-xid",
]

[[package]]
name = "typenum"
version = "1.15.0"
source = "registry+https://github.com/rust-lang/crates.io-index"
checksum = "dcf81ac59edc17cc8697ff311e8f5ef2d99fcbd9817b34cec66f90b6c3dfd987"

[[package]]
name = "unicode-xid"
version = "0.2.3"
source = "registry+https://github.com/rust-lang/crates.io-index"
checksum = "957e51f3646910546462e67d5f7599b9e4fb8acdd304b087a6494730f9eebf04"

[[package]]
name = "uuid"
version = "0.8.2"
source = "registry+https://github.com/rust-lang/crates.io-index"
checksum = "bc5cf98d8186244414c848017f0e2676b3fcb46807f6668a97dfe67359a3c4b7"

[[package]]
name = "vcell"
version = "0.1.3"
source = "registry+https://github.com/rust-lang/crates.io-index"
checksum = "77439c1b53d2303b20d9459b1ade71a83c716e3f9c34f3228c00e6f185d6c002"

[[package]]
name = "version_check"
version = "0.9.4"
source = "registry+https://github.com/rust-lang/crates.io-index"
checksum = "49874b5167b65d7193b8aba1567f5c7d93d001cafc34600cee003eda787e483f"

[[package]]
name = "void"
version = "1.0.2"
source = "registry+https://github.com/rust-lang/crates.io-index"
checksum = "6a02e4885ed3bc0f2de90ea6dd45ebcbb66dacffe03547fadbb0eeae2770887d"

[[package]]
name = "volatile-register"
version = "0.2.1"
source = "registry+https://github.com/rust-lang/crates.io-index"
checksum = "9ee8f19f9d74293faf70901bc20ad067dc1ad390d2cbf1e3f75f721ffee908b6"
dependencies = [
 "vcell",
]
